<?xml version="1.0" encoding="UTF-8" standalone="yes" ?>
<CodeBlocks_project_file>
	<FileVersion major="1" minor="6" />
	<Project>
		<Option title="VorassicPark" />
		<Option pch_mode="2" />
		<Option compiler="gcc" />
		<Option show_notes="1">
			<notes>
				<![CDATA[Optimisations:

	En mode pieuvre, garder la trace des coups en exploration solitaire pour eviter de faire la meme chose par plusieurs chemins
	Utiliser des char pour les coordonées, test rapide a montré 15% de gain avec des short. Pour être cohérent et peut-etre encore plus  efficace, passer toutes les variables qui sy'rapportent (arguments de fonctions, etc) dans le meme type.


Interface + souris]]>
			</notes>
		</Option>
		<Build>
			<Target title="Debug">
				<Option output="bin\Debug\VorassicPark" prefix_auto="1" extension_auto="1" />
				<Option object_output="obj\Debug\" />
				<Option type="1" />
				<Option compiler="gcc" />
				<Compiler>
					<Add option="-Wextra" />
					<Add option="-Wall" />
					<Add option="-g" />
				</Compiler>
			</Target>
			<Target title="Profile">
				<Option output="bin\Profile\VorassicPark" prefix_auto="1" extension_auto="1" />
				<Option object_output="obj\Profile\" />
				<Option type="1" />
				<Option compiler="gcc" />
				<Compiler>
					<Add option="-march=core2" />
					<Add option="-fexpensive-optimizations" />
					<Add option="-Os" />
					<Add option="-O3" />
					<Add option="-O2" />
					<Add option="-O1" />
					<Add option="-O" />
					<Add option="-Wextra" />
					<Add option="-Wall" />
					<Add option="-pg" />
				</Compiler>
				<Linker>
					<Add option="-pg -lgmon" />
				</Linker>
			</Target>
			<Target title="Release">
				<Option output="bin\Release\VorassicPark" prefix_auto="1" extension_auto="1" />
				<Option object_output="obj\Release\" />
				<Option type="1" />
				<Option compiler="gcc" />
				<Compiler>
					<Add option="-march=core2" />
					<Add option="-fomit-frame-pointer" />
					<Add option="-fexpensive-optimizations" />
					<Add option="-Os" />
					<Add option="-O3" />
					<Add option="-O2" />
					<Add option="-O1" />
					<Add option="-O" />
					<Add option="-Wextra" />
					<Add option="-Wall" />
				</Compiler>
				<Linker>
					<Add option="-s" />
				</Linker>
			</Target>
		</Build>
		<Compiler>
			<Add option="-Wextra" />
			<Add option="-Wall" />
		</Compiler>
		<Linker>
			<Add library="libconio" />
			<Add library="libgmon" />
		</Linker>
		<Unit filename="header\affichage.h" />
		<Unit filename="header\bot.h" />
		<Unit filename="header\coup.h" />
		<Unit filename="header\general.h" />
		<Unit filename="header\menu.h" />
		<Unit filename="header\partie.h" />
		<Unit filename="header\pile.h" />
		<Unit filename="src\affichage.c">
			<Option compilerVar="CC" />
		</Unit>
		<Unit filename="src\bot.c">
			<Option compilerVar="CC" />
		</Unit>
		<Unit filename="src\coup.c">
			<Option compilerVar="CC" />
		</Unit>
		<Unit filename="src\main.c">
			<Option compilerVar="CC" />
		</Unit>
		<Unit filename="src\menu.c">
			<Option compilerVar="CC" />
		</Unit>
		<Unit filename="src\partie.c">
			<Option compilerVar="CC" />
		</Unit>
		<Unit filename="src\pile.c">
			<Option compilerVar="CC" />
		</Unit>
		<Extensions>
			<code_completion />
			<envvars set="default" />
			<debugger />
			<lib_finder disable_auto="1" />
			<DoxyBlocks>
				<comment_style block="0" line="0" />
				<doxyfile_project />
				<doxyfile_build />
				<doxyfile_warnings />
				<doxyfile_output />
				<doxyfile_dot />
				<general />
			</DoxyBlocks>
		</Extensions>
	</Project>
</CodeBlocks_project_file>
